
Microsoft Visual Studio Solution File, Format Version 12.00
# Visual Studio Version 18
VisualStudioVersion = 18.0.11222.15
MinimumVisualStudioVersion = 10.0.40219.1
Project("{2150E333-8FDC-42A3-9474-1A3956D46DE8}") = "Templates", "Templates", "{077FF067-76D0-4C84-8DEF-37D8BDEF5515}"
EndProject
Project("{2150E333-8FDC-42A3-9474-1A3956D46DE8}") = "Solution Items", "Solution Items", "{3C742979-4218-4AEA-9988-6758FEAEFD48}"
	ProjectSection(SolutionItems) = preProject
		CHANGELOG.md = CHANGELOG.md
		README.md = README.md
	EndProjectSection
EndProject
Project("{FAE04EC0-301F-11D3-BF4B-00C04F79EFBC}") = "CSharpSliceItemTemplate", "IceBuilderTemplates\CSharpSliceItemTemplate\CSharpSliceItemTemplate.csproj", "{6D243563-186E-4FCC-B1FC-74E97B9A5942}"
EndProject
Project("{FAE04EC0-301F-11D3-BF4B-00C04F79EFBC}") = "VCSliceItemTemplate", "IceBuilderTemplates\VCSliceItemTemplate\VCSliceItemTemplate.csproj", "{5B778A54-EFB1-4085-9CA2-49C83AC352B5}"
EndProject
Project("{FAE04EC0-301F-11D3-BF4B-00C04F79EFBC}") = "IceBuilder", "IceBuilder\IceBuilder.csproj", "{A51B4AA4-714B-4E23-A8C1-E0759BF5B609}"
EndProject
Global
	GlobalSection(SolutionConfigurationPlatforms) = preSolution
		Debug|Any CPU = Debug|Any CPU
		Release|Any CPU = Release|Any CPU
	EndGlobalSection
	GlobalSection(ProjectConfigurationPlatforms) = postSolution
		{6D243563-186E-4FCC-B1FC-74E97B9A5942}.Debug|Any CPU.ActiveCfg = Debug|Any CPU
		{6D243563-186E-4FCC-B1FC-74E97B9A5942}.Debug|Any CPU.Build.0 = Debug|Any CPU
		{6D243563-186E-4FCC-B1FC-74E97B9A5942}.Release|Any CPU.ActiveCfg = Release|Any CPU
		{6D243563-186E-4FCC-B1FC-74E97B9A5942}.Release|Any CPU.Build.0 = Release|Any CPU
		{5B778A54-EFB1-4085-9CA2-49C83AC352B5}.Debug|Any CPU.ActiveCfg = Debug|Any CPU
		{5B778A54-EFB1-4085-9CA2-49C83AC352B5}.Debug|Any CPU.Build.0 = Debug|Any CPU
		{5B778A54-EFB1-4085-9CA2-49C83AC352B5}.Release|Any CPU.ActiveCfg = Release|Any CPU
		{5B778A54-EFB1-4085-9CA2-49C83AC352B5}.Release|Any CPU.Build.0 = Release|Any CPU
		{A51B4AA4-714B-4E23-A8C1-E0759BF5B609}.Debug|Any CPU.ActiveCfg = Debug|Any CPU
		{A51B4AA4-714B-4E23-A8C1-E0759BF5B609}.Debug|Any CPU.Build.0 = Debug|Any CPU
		{A51B4AA4-714B-4E23-A8C1-E0759BF5B609}.Release|Any CPU.ActiveCfg = Release|Any CPU
		{A51B4AA4-714B-4E23-A8C1-E0759BF5B609}.Release|Any CPU.Build.0 = Release|Any CPU
	EndGlobalSection
	GlobalSection(SolutionProperties) = preSolution
		HideSolutionNode = FALSE
	EndGlobalSection
	GlobalSection(NestedProjects) = preSolution
		{6D243563-186E-4FCC-B1FC-74E97B9A5942} = {077FF067-76D0-4C84-8DEF-37D8BDEF5515}
		{5B778A54-EFB1-4085-9CA2-49C83AC352B5} = {077FF067-76D0-4C84-8DEF-37D8BDEF5515}
	EndGlobalSection
	GlobalSection(ExtensibilityGlobals) = postSolution
		SolutionGuid = {B135092D-36A8-4857-AB75-612DFD51CC8A}
	EndGlobalSection
EndGlobal
