
Microsoft Visual Studio Solution File, Format Version 12.00
# Visual Studio 2012
Project("{2150E333-8FDC-42A3-9474-1A3956D46DE8}") = "CSharp", "CSharp", "{36E89B5F-C07B-4129-8C0D-0DF8DBD8252B}"
EndProject
Project("{2150E333-8FDC-42A3-9474-1A3956D46DE8}") = "Cpp", "Cpp", "{8477AA55-8845-4F51-B59B-1E2553E46A8A}"
EndProject
Project("{FAE04EC0-301F-11D3-BF4B-00C04F79EFBC}") = "Stream", "Tests\CSharp\Stream\Stream.csproj", "{04F22C6A-1306-489B-88A3-1613EDF167D5}"
EndProject
Project("{FAE04EC0-301F-11D3-BF4B-00C04F79EFBC}") = "Checksums", "Tests\CSharp\Checksums\Checksums.csproj", "{816E9327-38BE-461C-8685-18B1DA45C7EB}"
EndProject
Project("{FAE04EC0-301F-11D3-BF4B-00C04F79EFBC}") = "UnitTest", "Tests\CSharp\UnitTest\UnitTest.csproj", "{AA4C798D-A976-4EB8-B69C-4084B851A8E2}"
EndProject
Project("{FAE04EC0-301F-11D3-BF4B-00C04F79EFBC}") = "Tie", "Tests\CSharp\Tie\Tie.csproj", "{5D4A7F28-21A1-4C43-B003-E40E774D41EA}"
EndProject
Project("{FAE04EC0-301F-11D3-BF4B-00C04F79EFBC}") = "IcePrefix", "Tests\CSharp\IcePrefix\IcePrefix.csproj", "{A396C969-A59F-4C92-AEC8-328357E6BFF4}"
EndProject
Project("{FAE04EC0-301F-11D3-BF4B-00C04F79EFBC}") = "Underscores", "Tests\CSharp\Underscores\Underscores.csproj", "{993A1156-E67A-4E5D-A779-F7767746AD26}"
EndProject
Project("{FAE04EC0-301F-11D3-BF4B-00C04F79EFBC}") = "IncludeDirectories", "Tests\CSharp\IncludeDirectories\IncludeDirectories.csproj", "{8763EBF9-EA8E-4599-81E6-DA7DCBC981F3}"
EndProject
Project("{FAE04EC0-301F-11D3-BF4B-00C04F79EFBC}") = "OutputDirectory", "Tests\CSharp\OutputDirectory\OutputDirectory.csproj", "{EF6CC721-8DEE-4448-9780-BD5582AE008D}"
EndProject
Project("{FAE04EC0-301F-11D3-BF4B-00C04F79EFBC}") = "AdditionalOptions", "Tests\CSharp\AdditionalOptions\AdditionalOptions.csproj", "{64280507-1B52-45EA-ADB9-F341E31C6D29}"
EndProject
Project("{FAE04EC0-301F-11D3-BF4B-00C04F79EFBC}") = "Services", "Tests\CSharp\Services\Services.csproj", "{8E5BDD13-F889-4672-A9A2-BD48733C6206}"
EndProject
Global
	GlobalSection(SolutionConfigurationPlatforms) = preSolution
		Debug|Any CPU = Debug|Any CPU
		Debug|Win32 = Debug|Win32
		Release|Any CPU = Release|Any CPU
		Release|Win32 = Release|Win32
	EndGlobalSection
	GlobalSection(ProjectConfigurationPlatforms) = postSolution
		{04F22C6A-1306-489B-88A3-1613EDF167D5}.Debug|Any CPU.ActiveCfg = Debug|Any CPU
		{04F22C6A-1306-489B-88A3-1613EDF167D5}.Debug|Any CPU.Build.0 = Debug|Any CPU
		{04F22C6A-1306-489B-88A3-1613EDF167D5}.Debug|Win32.ActiveCfg = Debug|Win32
		{04F22C6A-1306-489B-88A3-1613EDF167D5}.Debug|Win32.Build.0 = Debug|Win32
		{04F22C6A-1306-489B-88A3-1613EDF167D5}.Release|Any CPU.ActiveCfg = Release|Any CPU
		{04F22C6A-1306-489B-88A3-1613EDF167D5}.Release|Any CPU.Build.0 = Release|Any CPU
		{04F22C6A-1306-489B-88A3-1613EDF167D5}.Release|Win32.ActiveCfg = Release|Win32
		{04F22C6A-1306-489B-88A3-1613EDF167D5}.Release|Win32.Build.0 = Release|Win32
		{816E9327-38BE-461C-8685-18B1DA45C7EB}.Debug|Any CPU.ActiveCfg = Debug|Any CPU
		{816E9327-38BE-461C-8685-18B1DA45C7EB}.Debug|Any CPU.Build.0 = Debug|Any CPU
		{816E9327-38BE-461C-8685-18B1DA45C7EB}.Debug|Win32.ActiveCfg = Debug|Win32
		{816E9327-38BE-461C-8685-18B1DA45C7EB}.Debug|Win32.Build.0 = Debug|Win32
		{816E9327-38BE-461C-8685-18B1DA45C7EB}.Release|Any CPU.ActiveCfg = Release|Any CPU
		{816E9327-38BE-461C-8685-18B1DA45C7EB}.Release|Any CPU.Build.0 = Release|Any CPU
		{816E9327-38BE-461C-8685-18B1DA45C7EB}.Release|Win32.ActiveCfg = Release|Win32
		{816E9327-38BE-461C-8685-18B1DA45C7EB}.Release|Win32.Build.0 = Release|Win32
		{AA4C798D-A976-4EB8-B69C-4084B851A8E2}.Debug|Any CPU.ActiveCfg = Debug|Any CPU
		{AA4C798D-A976-4EB8-B69C-4084B851A8E2}.Debug|Any CPU.Build.0 = Debug|Any CPU
		{AA4C798D-A976-4EB8-B69C-4084B851A8E2}.Debug|Win32.ActiveCfg = Debug|Any CPU
		{AA4C798D-A976-4EB8-B69C-4084B851A8E2}.Release|Any CPU.ActiveCfg = Release|Any CPU
		{AA4C798D-A976-4EB8-B69C-4084B851A8E2}.Release|Any CPU.Build.0 = Release|Any CPU
		{AA4C798D-A976-4EB8-B69C-4084B851A8E2}.Release|Win32.ActiveCfg = Release|Any CPU
		{5D4A7F28-21A1-4C43-B003-E40E774D41EA}.Debug|Any CPU.ActiveCfg = Debug|Any CPU
		{5D4A7F28-21A1-4C43-B003-E40E774D41EA}.Debug|Any CPU.Build.0 = Debug|Any CPU
		{5D4A7F28-21A1-4C43-B003-E40E774D41EA}.Debug|Win32.ActiveCfg = Debug|Win32
		{5D4A7F28-21A1-4C43-B003-E40E774D41EA}.Debug|Win32.Build.0 = Debug|Win32
		{5D4A7F28-21A1-4C43-B003-E40E774D41EA}.Release|Any CPU.ActiveCfg = Release|Any CPU
		{5D4A7F28-21A1-4C43-B003-E40E774D41EA}.Release|Any CPU.Build.0 = Release|Any CPU
		{5D4A7F28-21A1-4C43-B003-E40E774D41EA}.Release|Win32.ActiveCfg = Release|Win32
		{5D4A7F28-21A1-4C43-B003-E40E774D41EA}.Release|Win32.Build.0 = Release|Win32
		{A396C969-A59F-4C92-AEC8-328357E6BFF4}.Debug|Any CPU.ActiveCfg = Debug|Any CPU
		{A396C969-A59F-4C92-AEC8-328357E6BFF4}.Debug|Any CPU.Build.0 = Debug|Any CPU
		{A396C969-A59F-4C92-AEC8-328357E6BFF4}.Debug|Win32.ActiveCfg = Debug|Win32
		{A396C969-A59F-4C92-AEC8-328357E6BFF4}.Debug|Win32.Build.0 = Debug|Win32
		{A396C969-A59F-4C92-AEC8-328357E6BFF4}.Release|Any CPU.ActiveCfg = Release|Any CPU
		{A396C969-A59F-4C92-AEC8-328357E6BFF4}.Release|Any CPU.Build.0 = Release|Any CPU
		{A396C969-A59F-4C92-AEC8-328357E6BFF4}.Release|Win32.ActiveCfg = Release|Win32
		{A396C969-A59F-4C92-AEC8-328357E6BFF4}.Release|Win32.Build.0 = Release|Win32
		{993A1156-E67A-4E5D-A779-F7767746AD26}.Debug|Any CPU.ActiveCfg = Debug|Any CPU
		{993A1156-E67A-4E5D-A779-F7767746AD26}.Debug|Any CPU.Build.0 = Debug|Any CPU
		{993A1156-E67A-4E5D-A779-F7767746AD26}.Debug|Win32.ActiveCfg = Debug|Win32
		{993A1156-E67A-4E5D-A779-F7767746AD26}.Debug|Win32.Build.0 = Debug|Win32
		{993A1156-E67A-4E5D-A779-F7767746AD26}.Release|Any CPU.ActiveCfg = Release|Any CPU
		{993A1156-E67A-4E5D-A779-F7767746AD26}.Release|Any CPU.Build.0 = Release|Any CPU
		{993A1156-E67A-4E5D-A779-F7767746AD26}.Release|Win32.ActiveCfg = Release|Win32
		{993A1156-E67A-4E5D-A779-F7767746AD26}.Release|Win32.Build.0 = Release|Win32
		{8763EBF9-EA8E-4599-81E6-DA7DCBC981F3}.Debug|Any CPU.ActiveCfg = Debug|Any CPU
		{8763EBF9-EA8E-4599-81E6-DA7DCBC981F3}.Debug|Any CPU.Build.0 = Debug|Any CPU
		{8763EBF9-EA8E-4599-81E6-DA7DCBC981F3}.Debug|Win32.ActiveCfg = Debug|Any CPU
		{8763EBF9-EA8E-4599-81E6-DA7DCBC981F3}.Release|Any CPU.ActiveCfg = Release|Any CPU
		{8763EBF9-EA8E-4599-81E6-DA7DCBC981F3}.Release|Any CPU.Build.0 = Release|Any CPU
		{8763EBF9-EA8E-4599-81E6-DA7DCBC981F3}.Release|Win32.ActiveCfg = Release|Any CPU
		{EF6CC721-8DEE-4448-9780-BD5582AE008D}.Debug|Any CPU.ActiveCfg = Debug|Any CPU
		{EF6CC721-8DEE-4448-9780-BD5582AE008D}.Debug|Any CPU.Build.0 = Debug|Any CPU
		{EF6CC721-8DEE-4448-9780-BD5582AE008D}.Debug|Win32.ActiveCfg = Debug|Any CPU
		{EF6CC721-8DEE-4448-9780-BD5582AE008D}.Release|Any CPU.ActiveCfg = Release|Any CPU
		{EF6CC721-8DEE-4448-9780-BD5582AE008D}.Release|Any CPU.Build.0 = Release|Any CPU
		{EF6CC721-8DEE-4448-9780-BD5582AE008D}.Release|Win32.ActiveCfg = Release|Any CPU
		{64280507-1B52-45EA-ADB9-F341E31C6D29}.Debug|Any CPU.ActiveCfg = Debug|Any CPU
		{64280507-1B52-45EA-ADB9-F341E31C6D29}.Debug|Any CPU.Build.0 = Debug|Any CPU
		{64280507-1B52-45EA-ADB9-F341E31C6D29}.Debug|Win32.ActiveCfg = Debug|Any CPU
		{64280507-1B52-45EA-ADB9-F341E31C6D29}.Release|Any CPU.ActiveCfg = Release|Any CPU
		{64280507-1B52-45EA-ADB9-F341E31C6D29}.Release|Any CPU.Build.0 = Release|Any CPU
		{64280507-1B52-45EA-ADB9-F341E31C6D29}.Release|Win32.ActiveCfg = Release|Any CPU
		{8E5BDD13-F889-4672-A9A2-BD48733C6206}.Debug|Any CPU.ActiveCfg = Debug|Any CPU
		{8E5BDD13-F889-4672-A9A2-BD48733C6206}.Debug|Any CPU.Build.0 = Debug|Any CPU
		{8E5BDD13-F889-4672-A9A2-BD48733C6206}.Debug|Win32.ActiveCfg = Debug|Any CPU
		{8E5BDD13-F889-4672-A9A2-BD48733C6206}.Release|Any CPU.ActiveCfg = Release|Any CPU
		{8E5BDD13-F889-4672-A9A2-BD48733C6206}.Release|Any CPU.Build.0 = Release|Any CPU
		{8E5BDD13-F889-4672-A9A2-BD48733C6206}.Release|Win32.ActiveCfg = Release|Any CPU
	EndGlobalSection
	GlobalSection(SolutionProperties) = preSolution
		HideSolutionNode = FALSE
	EndGlobalSection
	GlobalSection(NestedProjects) = preSolution
		{04F22C6A-1306-489B-88A3-1613EDF167D5} = {36E89B5F-C07B-4129-8C0D-0DF8DBD8252B}
		{816E9327-38BE-461C-8685-18B1DA45C7EB} = {36E89B5F-C07B-4129-8C0D-0DF8DBD8252B}
		{AA4C798D-A976-4EB8-B69C-4084B851A8E2} = {36E89B5F-C07B-4129-8C0D-0DF8DBD8252B}
		{5D4A7F28-21A1-4C43-B003-E40E774D41EA} = {36E89B5F-C07B-4129-8C0D-0DF8DBD8252B}
		{A396C969-A59F-4C92-AEC8-328357E6BFF4} = {36E89B5F-C07B-4129-8C0D-0DF8DBD8252B}
		{993A1156-E67A-4E5D-A779-F7767746AD26} = {36E89B5F-C07B-4129-8C0D-0DF8DBD8252B}
		{8763EBF9-EA8E-4599-81E6-DA7DCBC981F3} = {36E89B5F-C07B-4129-8C0D-0DF8DBD8252B}
		{EF6CC721-8DEE-4448-9780-BD5582AE008D} = {36E89B5F-C07B-4129-8C0D-0DF8DBD8252B}
		{64280507-1B52-45EA-ADB9-F341E31C6D29} = {36E89B5F-C07B-4129-8C0D-0DF8DBD8252B}
		{8E5BDD13-F889-4672-A9A2-BD48733C6206} = {36E89B5F-C07B-4129-8C0D-0DF8DBD8252B}
	EndGlobalSection
EndGlobal
