
Microsoft Visual Studio Solution File, Format Version 12.00
# Visual Studio Version 17
VisualStudioVersion = 17.14.35906.104
MinimumVisualStudioVersion = 10.0.40219.1
Project("{2150E333-8FDC-42A3-9474-1A3956D46DE8}") = "Templates", "Templates", "{077FF067-76D0-4C84-8DEF-37D8BDEF5515}"
EndProject
Project("{2150E333-8FDC-42A3-9474-1A3956D46DE8}") = "Solution Items", "Solution Items", "{3C742979-4218-4AEA-9988-6758FEAEFD48}"
	ProjectSection(SolutionItems) = preProject
		CHANGELOG.md = CHANGELOG.md
		README.md = README.md
	EndProjectSection
EndProject
Project("{FAE04EC0-301F-11D3-BF4B-00C04F79EFBC}") = "CSharpSliceItemTemplate", "IceBuilderTemplates\CSharpSliceItemTemplate\CSharpSliceItemTemplate.csproj", "{6D243563-186E-4FCC-B1FC-74E97B9A5942}"
EndProject
Project("{FAE04EC0-301F-11D3-BF4B-00C04F79EFBC}") = "VCSliceItemTemplate", "IceBuilderTemplates\VCSliceItemTemplate\VCSliceItemTemplate.csproj", "{5B778A54-EFB1-4085-9CA2-49C83AC352B5}"
EndProject
Project("{D954291E-2A0B-460D-934E-DC6B0785DB48}") = "IceBuilder.Shared", "IceBuilder.Shared\IceBuilder.Shared.shproj", "{28B94594-C9A1-4212-A538-6D0AC85D6993}"
EndProject
Project("{D954291E-2A0B-460D-934E-DC6B0785DB48}") = "IceBuilder_Common.Shared", "IceBuilder_Common.Shared\IceBuilder_Common.Shared.shproj", "{449835BC-2889-45FB-BF79-BCC700FB5998}"
EndProject
Project("{FAE04EC0-301F-11D3-BF4B-00C04F79EFBC}") = "IceBuilder_VS2022", "IceBuilder_VS2022\IceBuilder_VS2022.csproj", "{C998637F-98DD-45D3-AF85-47D883697E54}"
EndProject
Project("{FAE04EC0-301F-11D3-BF4B-00C04F79EFBC}") = "IceBuilder.Next", "IceBuilder.Next\IceBuilder.Next.csproj", "{A51B4AA4-714B-4E23-A8C1-E0759BF5B609}"
	ProjectSection(ProjectDependencies) = postProject
		{C998637F-98DD-45D3-AF85-47D883697E54} = {C998637F-98DD-45D3-AF85-47D883697E54}
	EndProjectSection
EndProject
Project("{FAE04EC0-301F-11D3-BF4B-00C04F79EFBC}") = "IceBuilder_Common.Next", "IceBuilder_Common.Next\IceBuilder_Common.Next.csproj", "{C014D4BF-6EB0-409E-AD9B-5B783450200F}"
EndProject
Global
	GlobalSection(SolutionConfigurationPlatforms) = preSolution
		Debug|Any CPU = Debug|Any CPU
		Release|Any CPU = Release|Any CPU
	EndGlobalSection
	GlobalSection(ProjectConfigurationPlatforms) = postSolution
		{6D243563-186E-4FCC-B1FC-74E97B9A5942}.Debug|Any CPU.ActiveCfg = Debug|Any CPU
		{6D243563-186E-4FCC-B1FC-74E97B9A5942}.Debug|Any CPU.Build.0 = Debug|Any CPU
		{6D243563-186E-4FCC-B1FC-74E97B9A5942}.Release|Any CPU.ActiveCfg = Release|Any CPU
		{6D243563-186E-4FCC-B1FC-74E97B9A5942}.Release|Any CPU.Build.0 = Release|Any CPU
		{5B778A54-EFB1-4085-9CA2-49C83AC352B5}.Debug|Any CPU.ActiveCfg = Debug|Any CPU
		{5B778A54-EFB1-4085-9CA2-49C83AC352B5}.Debug|Any CPU.Build.0 = Debug|Any CPU
		{5B778A54-EFB1-4085-9CA2-49C83AC352B5}.Release|Any CPU.ActiveCfg = Release|Any CPU
		{5B778A54-EFB1-4085-9CA2-49C83AC352B5}.Release|Any CPU.Build.0 = Release|Any CPU
		{C998637F-98DD-45D3-AF85-47D883697E54}.Debug|Any CPU.ActiveCfg = Debug|Any CPU
		{C998637F-98DD-45D3-AF85-47D883697E54}.Debug|Any CPU.Build.0 = Debug|Any CPU
		{C998637F-98DD-45D3-AF85-47D883697E54}.Release|Any CPU.ActiveCfg = Release|Any CPU
		{C998637F-98DD-45D3-AF85-47D883697E54}.Release|Any CPU.Build.0 = Release|Any CPU
		{A51B4AA4-714B-4E23-A8C1-E0759BF5B609}.Debug|Any CPU.ActiveCfg = Debug|Any CPU
		{A51B4AA4-714B-4E23-A8C1-E0759BF5B609}.Debug|Any CPU.Build.0 = Debug|Any CPU
		{A51B4AA4-714B-4E23-A8C1-E0759BF5B609}.Release|Any CPU.ActiveCfg = Release|Any CPU
		{A51B4AA4-714B-4E23-A8C1-E0759BF5B609}.Release|Any CPU.Build.0 = Release|Any CPU
		{C014D4BF-6EB0-409E-AD9B-5B783450200F}.Debug|Any CPU.ActiveCfg = Debug|Any CPU
		{C014D4BF-6EB0-409E-AD9B-5B783450200F}.Debug|Any CPU.Build.0 = Debug|Any CPU
		{C014D4BF-6EB0-409E-AD9B-5B783450200F}.Release|Any CPU.ActiveCfg = Release|Any CPU
		{C014D4BF-6EB0-409E-AD9B-5B783450200F}.Release|Any CPU.Build.0 = Release|Any CPU
	EndGlobalSection
	GlobalSection(SolutionProperties) = preSolution
		HideSolutionNode = FALSE
	EndGlobalSection
	GlobalSection(NestedProjects) = preSolution
		{6D243563-186E-4FCC-B1FC-74E97B9A5942} = {077FF067-76D0-4C84-8DEF-37D8BDEF5515}
		{5B778A54-EFB1-4085-9CA2-49C83AC352B5} = {077FF067-76D0-4C84-8DEF-37D8BDEF5515}
	EndGlobalSection
	GlobalSection(ExtensibilityGlobals) = postSolution
		SolutionGuid = {B135092D-36A8-4857-AB75-612DFD51CC8A}
	EndGlobalSection
	GlobalSection(SharedMSBuildProjectFiles) = preSolution
		IceBuilder.Shared\IceBuilder.Shared.projitems*{28b94594-c9a1-4212-a538-6d0ac85d6993}*SharedItemsImports = 13
		IceBuilder_Common.Shared\IceBuilder_Common.Shared.projitems*{449835bc-2889-45fb-bf79-bcc700fb5998}*SharedItemsImports = 13
		IceBuilder.Shared\IceBuilder.Shared.projitems*{a51b4aa4-714b-4e23-a8c1-e0759bf5b609}*SharedItemsImports = 4
		IceBuilder_Common.Shared\IceBuilder_Common.Shared.projitems*{c014d4bf-6eb0-409e-ad9b-5b783450200f}*SharedItemsImports = 4
	EndGlobalSection
EndGlobal
