
Microsoft Visual Studio Solution File, Format Version 12.00
# Visual Studio 2012
Project("{FAE04EC0-301F-11D3-BF4B-00C04F79EFBC}") = "IceVisualStudio", "IceVisualStudio\IceVisualStudio.csproj", "{026808B3-0ACF-4F7C-A3B7-3A3866363E2B}"
EndProject
Project("{FAE04EC0-301F-11D3-BF4B-00C04F79EFBC}") = "IceVisualStudio_2012", "IceVisualStudio_2012\IceVisualStudio_2012.csproj", "{81F421D8-6024-4CA2-B1B4-6A54C56F4AAB}"
EndProject
Project("{FAE04EC0-301F-11D3-BF4B-00C04F79EFBC}") = "IceVisualStudio_2013", "IceVisualStudio_2013\IceVisualStudio_2013.csproj", "{B2BE17CB-DD5E-46C7-AD45-865A4AC43920}"
EndProject
Project("{FAE04EC0-301F-11D3-BF4B-00C04F79EFBC}") = "CSharpSliceItemTemplate", "CSharpSliceItemTemplate\CSharpSliceItemTemplate.csproj", "{6D243563-186E-4FCC-B1FC-74E97B9A5942}"
EndProject
Project("{2150E333-8FDC-42A3-9474-1A3956D46DE8}") = "ItemTemplates", "ItemTemplates", "{077FF067-76D0-4C84-8DEF-37D8BDEF5515}"
EndProject
Project("{FAE04EC0-301F-11D3-BF4B-00C04F79EFBC}") = "VCSliceItemTemplate", "VCSliceItemTemplate\VCSliceItemTemplate.csproj", "{5B778A54-EFB1-4085-9CA2-49C83AC352B5}"
EndProject
Project("{2150E333-8FDC-42A3-9474-1A3956D46DE8}") = "Extension", "Extension", "{659DE04C-C352-4D20-B1DF-5B26F64BF309}"
EndProject
Project("{2150E333-8FDC-42A3-9474-1A3956D46DE8}") = "Tools", "Tools", "{2B6D67CE-4D8D-4213-8541-386F94F8CA17}"
EndProject
Project("{FAE04EC0-301F-11D3-BF4B-00C04F79EFBC}") = "AddinRemoval", "AddinRemoval\AddinRemoval.csproj", "{FACD0CED-15AB-4756-8424-6F857B3DC379}"
EndProject
Global
	GlobalSection(SolutionConfigurationPlatforms) = preSolution
		Debug|Any CPU = Debug|Any CPU
		Release|Any CPU = Release|Any CPU
	EndGlobalSection
	GlobalSection(ProjectConfigurationPlatforms) = postSolution
		{026808B3-0ACF-4F7C-A3B7-3A3866363E2B}.Debug|Any CPU.ActiveCfg = Debug|Any CPU
		{026808B3-0ACF-4F7C-A3B7-3A3866363E2B}.Debug|Any CPU.Build.0 = Debug|Any CPU
		{026808B3-0ACF-4F7C-A3B7-3A3866363E2B}.Release|Any CPU.ActiveCfg = Release|Any CPU
		{026808B3-0ACF-4F7C-A3B7-3A3866363E2B}.Release|Any CPU.Build.0 = Release|Any CPU
		{81F421D8-6024-4CA2-B1B4-6A54C56F4AAB}.Debug|Any CPU.ActiveCfg = Debug|Any CPU
		{81F421D8-6024-4CA2-B1B4-6A54C56F4AAB}.Debug|Any CPU.Build.0 = Debug|Any CPU
		{81F421D8-6024-4CA2-B1B4-6A54C56F4AAB}.Release|Any CPU.ActiveCfg = Release|Any CPU
		{81F421D8-6024-4CA2-B1B4-6A54C56F4AAB}.Release|Any CPU.Build.0 = Release|Any CPU
		{B2BE17CB-DD5E-46C7-AD45-865A4AC43920}.Debug|Any CPU.ActiveCfg = Debug|Any CPU
		{B2BE17CB-DD5E-46C7-AD45-865A4AC43920}.Debug|Any CPU.Build.0 = Debug|Any CPU
		{B2BE17CB-DD5E-46C7-AD45-865A4AC43920}.Release|Any CPU.ActiveCfg = Release|Any CPU
		{B2BE17CB-DD5E-46C7-AD45-865A4AC43920}.Release|Any CPU.Build.0 = Release|Any CPU
		{6D243563-186E-4FCC-B1FC-74E97B9A5942}.Debug|Any CPU.ActiveCfg = Debug|Any CPU
		{6D243563-186E-4FCC-B1FC-74E97B9A5942}.Debug|Any CPU.Build.0 = Debug|Any CPU
		{6D243563-186E-4FCC-B1FC-74E97B9A5942}.Release|Any CPU.ActiveCfg = Release|Any CPU
		{6D243563-186E-4FCC-B1FC-74E97B9A5942}.Release|Any CPU.Build.0 = Release|Any CPU
		{5B778A54-EFB1-4085-9CA2-49C83AC352B5}.Debug|Any CPU.ActiveCfg = Debug|Any CPU
		{5B778A54-EFB1-4085-9CA2-49C83AC352B5}.Debug|Any CPU.Build.0 = Debug|Any CPU
		{5B778A54-EFB1-4085-9CA2-49C83AC352B5}.Release|Any CPU.ActiveCfg = Release|Any CPU
		{5B778A54-EFB1-4085-9CA2-49C83AC352B5}.Release|Any CPU.Build.0 = Release|Any CPU
		{FACD0CED-15AB-4756-8424-6F857B3DC379}.Debug|Any CPU.ActiveCfg = Debug|Any CPU
		{FACD0CED-15AB-4756-8424-6F857B3DC379}.Debug|Any CPU.Build.0 = Debug|Any CPU
		{FACD0CED-15AB-4756-8424-6F857B3DC379}.Release|Any CPU.ActiveCfg = Release|Any CPU
		{FACD0CED-15AB-4756-8424-6F857B3DC379}.Release|Any CPU.Build.0 = Release|Any CPU
	EndGlobalSection
	GlobalSection(SolutionProperties) = preSolution
		HideSolutionNode = FALSE
	EndGlobalSection
	GlobalSection(NestedProjects) = preSolution
		{81F421D8-6024-4CA2-B1B4-6A54C56F4AAB} = {659DE04C-C352-4D20-B1DF-5B26F64BF309}
		{B2BE17CB-DD5E-46C7-AD45-865A4AC43920} = {659DE04C-C352-4D20-B1DF-5B26F64BF309}
		{026808B3-0ACF-4F7C-A3B7-3A3866363E2B} = {659DE04C-C352-4D20-B1DF-5B26F64BF309}
		{6D243563-186E-4FCC-B1FC-74E97B9A5942} = {077FF067-76D0-4C84-8DEF-37D8BDEF5515}
		{5B778A54-EFB1-4085-9CA2-49C83AC352B5} = {077FF067-76D0-4C84-8DEF-37D8BDEF5515}
		{FACD0CED-15AB-4756-8424-6F857B3DC379} = {2B6D67CE-4D8D-4213-8541-386F94F8CA17}
	EndGlobalSection
EndGlobal
