
Microsoft Visual Studio Solution File, Format Version 12.00
# Visual Studio 2012
Project("{8BC9CEB8-8B4A-11D0-8D11-00A0C91BC942}") = "Stream", "Stream\Stream.vcxproj", "{656B4D61-A478-4B40-8BF2-6932C0F7E04F}"
EndProject
Project("{8BC9CEB8-8B4A-11D0-8D11-00A0C91BC942}") = "UnitTest", "UnitTest\UnitTest.vcxproj", "{9ECBC4AE-4228-49E6-B99C-9AA62D3EACF1}"
	ProjectSection(ProjectDependencies) = postProject
		{6A73E904-7CC8-450C-8713-5CA0C8B8017E} = {6A73E904-7CC8-450C-8713-5CA0C8B8017E}
		{4CCA4A06-8100-452A-9303-FC2BE8478A52} = {4CCA4A06-8100-452A-9303-FC2BE8478A52}
		{50F8974A-CC60-47B9-9B28-7008D9ADF897} = {50F8974A-CC60-47B9-9B28-7008D9ADF897}
		{035AB15B-D803-48E9-AAE1-0FC750F6D09D} = {035AB15B-D803-48E9-AAE1-0FC750F6D09D}
		{656B4D61-A478-4B40-8BF2-6932C0F7E04F} = {656B4D61-A478-4B40-8BF2-6932C0F7E04F}
		{9F716672-46A0-4DCC-A9CA-36D97E914521} = {9F716672-46A0-4DCC-A9CA-36D97E914521}
		{4B190775-BC3B-4DF6-8844-F182A0DE7651} = {4B190775-BC3B-4DF6-8844-F182A0DE7651}
		{9535348F-9B4B-401D-A5EB-930E8D9075AB} = {9535348F-9B4B-401D-A5EB-930E8D9075AB}
		{DDBB009C-9878-43D9-BEC8-E6A2D9314EDE} = {DDBB009C-9878-43D9-BEC8-E6A2D9314EDE}
		{3B8D30AC-7693-4743-B9AC-38005BCC50EC} = {3B8D30AC-7693-4743-B9AC-38005BCC50EC}
		{ECAEBCC3-BB76-476B-82DA-1EE5D3F69E55} = {ECAEBCC3-BB76-476B-82DA-1EE5D3F69E55}
	EndProjectSection
EndProject
Project("{8BC9CEB8-8B4A-11D0-8D11-00A0C91BC942}") = "AdditionalOptions", "AdditionalOptions\AdditionalOptions.vcxproj", "{6A73E904-7CC8-450C-8713-5CA0C8B8017E}"
EndProject
Project("{8BC9CEB8-8B4A-11D0-8D11-00A0C91BC942}") = "Checksums", "Checksums\Checksums.vcxproj", "{9535348F-9B4B-401D-A5EB-930E8D9075AB}"
EndProject
Project("{8BC9CEB8-8B4A-11D0-8D11-00A0C91BC942}") = "IcePrefix", "IcePrefix\IcePrefix.vcxproj", "{4CCA4A06-8100-452A-9303-FC2BE8478A52}"
EndProject
Project("{8BC9CEB8-8B4A-11D0-8D11-00A0C91BC942}") = "IncludeDirectories", "IncludeDirectories\IncludeDirectories.vcxproj", "{035AB15B-D803-48E9-AAE1-0FC750F6D09D}"
EndProject
Project("{8BC9CEB8-8B4A-11D0-8D11-00A0C91BC942}") = "OutputDirectory", "OutputDirectory\OutputDirectory.vcxproj", "{9F716672-46A0-4DCC-A9CA-36D97E914521}"
EndProject
Project("{8BC9CEB8-8B4A-11D0-8D11-00A0C91BC942}") = "Services", "Services\Services.vcxproj", "{DDBB009C-9878-43D9-BEC8-E6A2D9314EDE}"
EndProject
Project("{8BC9CEB8-8B4A-11D0-8D11-00A0C91BC942}") = "Underscores", "Underscores\Underscores.vcxproj", "{ECAEBCC3-BB76-476B-82DA-1EE5D3F69E55}"
EndProject
Project("{8BC9CEB8-8B4A-11D0-8D11-00A0C91BC942}") = "SourceHeaderExt", "SourceHeaderExt\SourceHeaderExt.vcxproj", "{4B190775-BC3B-4DF6-8844-F182A0DE7651}"
EndProject
Project("{8BC9CEB8-8B4A-11D0-8D11-00A0C91BC942}") = "DLLExportMacro", "DLLExportMacro\DLLExportMacro.vcxproj", "{50F8974A-CC60-47B9-9B28-7008D9ADF897}"
EndProject
Project("{8BC9CEB8-8B4A-11D0-8D11-00A0C91BC942}") = "HeaderDir", "HeaderDir\HeaderDir.vcxproj", "{3B8D30AC-7693-4743-B9AC-38005BCC50EC}"
EndProject
Global
	GlobalSection(SolutionConfigurationPlatforms) = preSolution
		Debug|Win32 = Debug|Win32
		Release|Win32 = Release|Win32
	EndGlobalSection
	GlobalSection(ProjectConfigurationPlatforms) = postSolution
		{656B4D61-A478-4B40-8BF2-6932C0F7E04F}.Debug|Win32.ActiveCfg = Debug|Win32
		{656B4D61-A478-4B40-8BF2-6932C0F7E04F}.Debug|Win32.Build.0 = Debug|Win32
		{656B4D61-A478-4B40-8BF2-6932C0F7E04F}.Release|Win32.ActiveCfg = Release|Win32
		{656B4D61-A478-4B40-8BF2-6932C0F7E04F}.Release|Win32.Build.0 = Release|Win32
		{9ECBC4AE-4228-49E6-B99C-9AA62D3EACF1}.Debug|Win32.ActiveCfg = Debug|Win32
		{9ECBC4AE-4228-49E6-B99C-9AA62D3EACF1}.Debug|Win32.Build.0 = Debug|Win32
		{9ECBC4AE-4228-49E6-B99C-9AA62D3EACF1}.Release|Win32.ActiveCfg = Release|Win32
		{9ECBC4AE-4228-49E6-B99C-9AA62D3EACF1}.Release|Win32.Build.0 = Release|Win32
		{6A73E904-7CC8-450C-8713-5CA0C8B8017E}.Debug|Win32.ActiveCfg = Debug|Win32
		{6A73E904-7CC8-450C-8713-5CA0C8B8017E}.Debug|Win32.Build.0 = Debug|Win32
		{6A73E904-7CC8-450C-8713-5CA0C8B8017E}.Release|Win32.ActiveCfg = Release|Win32
		{6A73E904-7CC8-450C-8713-5CA0C8B8017E}.Release|Win32.Build.0 = Release|Win32
		{9535348F-9B4B-401D-A5EB-930E8D9075AB}.Debug|Win32.ActiveCfg = Debug|Win32
		{9535348F-9B4B-401D-A5EB-930E8D9075AB}.Debug|Win32.Build.0 = Debug|Win32
		{9535348F-9B4B-401D-A5EB-930E8D9075AB}.Release|Win32.ActiveCfg = Release|Win32
		{9535348F-9B4B-401D-A5EB-930E8D9075AB}.Release|Win32.Build.0 = Release|Win32
		{4CCA4A06-8100-452A-9303-FC2BE8478A52}.Debug|Win32.ActiveCfg = Debug|Win32
		{4CCA4A06-8100-452A-9303-FC2BE8478A52}.Debug|Win32.Build.0 = Debug|Win32
		{4CCA4A06-8100-452A-9303-FC2BE8478A52}.Release|Win32.ActiveCfg = Release|Win32
		{4CCA4A06-8100-452A-9303-FC2BE8478A52}.Release|Win32.Build.0 = Release|Win32
		{035AB15B-D803-48E9-AAE1-0FC750F6D09D}.Debug|Win32.ActiveCfg = Debug|Win32
		{035AB15B-D803-48E9-AAE1-0FC750F6D09D}.Debug|Win32.Build.0 = Debug|Win32
		{035AB15B-D803-48E9-AAE1-0FC750F6D09D}.Release|Win32.ActiveCfg = Release|Win32
		{035AB15B-D803-48E9-AAE1-0FC750F6D09D}.Release|Win32.Build.0 = Release|Win32
		{9F716672-46A0-4DCC-A9CA-36D97E914521}.Debug|Win32.ActiveCfg = Debug|Win32
		{9F716672-46A0-4DCC-A9CA-36D97E914521}.Debug|Win32.Build.0 = Debug|Win32
		{9F716672-46A0-4DCC-A9CA-36D97E914521}.Release|Win32.ActiveCfg = Release|Win32
		{9F716672-46A0-4DCC-A9CA-36D97E914521}.Release|Win32.Build.0 = Release|Win32
		{DDBB009C-9878-43D9-BEC8-E6A2D9314EDE}.Debug|Win32.ActiveCfg = Debug|Win32
		{DDBB009C-9878-43D9-BEC8-E6A2D9314EDE}.Debug|Win32.Build.0 = Debug|Win32
		{DDBB009C-9878-43D9-BEC8-E6A2D9314EDE}.Release|Win32.ActiveCfg = Release|Win32
		{DDBB009C-9878-43D9-BEC8-E6A2D9314EDE}.Release|Win32.Build.0 = Release|Win32
		{ECAEBCC3-BB76-476B-82DA-1EE5D3F69E55}.Debug|Win32.ActiveCfg = Debug|Win32
		{ECAEBCC3-BB76-476B-82DA-1EE5D3F69E55}.Debug|Win32.Build.0 = Debug|Win32
		{ECAEBCC3-BB76-476B-82DA-1EE5D3F69E55}.Release|Win32.ActiveCfg = Release|Win32
		{ECAEBCC3-BB76-476B-82DA-1EE5D3F69E55}.Release|Win32.Build.0 = Release|Win32
		{4B190775-BC3B-4DF6-8844-F182A0DE7651}.Debug|Win32.ActiveCfg = Debug|Win32
		{4B190775-BC3B-4DF6-8844-F182A0DE7651}.Debug|Win32.Build.0 = Debug|Win32
		{4B190775-BC3B-4DF6-8844-F182A0DE7651}.Release|Win32.ActiveCfg = Release|Win32
		{4B190775-BC3B-4DF6-8844-F182A0DE7651}.Release|Win32.Build.0 = Release|Win32
		{50F8974A-CC60-47B9-9B28-7008D9ADF897}.Debug|Win32.ActiveCfg = Debug|Win32
		{50F8974A-CC60-47B9-9B28-7008D9ADF897}.Debug|Win32.Build.0 = Debug|Win32
		{50F8974A-CC60-47B9-9B28-7008D9ADF897}.Release|Win32.ActiveCfg = Release|Win32
		{50F8974A-CC60-47B9-9B28-7008D9ADF897}.Release|Win32.Build.0 = Release|Win32
		{3B8D30AC-7693-4743-B9AC-38005BCC50EC}.Debug|Win32.ActiveCfg = Debug|Win32
		{3B8D30AC-7693-4743-B9AC-38005BCC50EC}.Debug|Win32.Build.0 = Debug|Win32
		{3B8D30AC-7693-4743-B9AC-38005BCC50EC}.Release|Win32.ActiveCfg = Release|Win32
		{3B8D30AC-7693-4743-B9AC-38005BCC50EC}.Release|Win32.Build.0 = Release|Win32
	EndGlobalSection
	GlobalSection(SolutionProperties) = preSolution
		HideSolutionNode = FALSE
	EndGlobalSection
EndGlobal
